// !$*UTF8*$!
{
	archiveVersion = 1;
	classes = {
	};
	objectVersion = 46;
	objects = {

/* Begin PBXBuildFile section */
		66CD36021DF81E4300922810 /* AppDelegate.swift in Sources */ = {isa = PBXBuildFile; fileRef = 66CD36011DF81E4300922810 /* AppDelegate.swift */; };
		66CD36041DF81E4300922810 /* ViewController.swift in Sources */ = {isa = PBXBuildFile; fileRef = 66CD36031DF81E4300922810 /* ViewController.swift */; };
		66CD36071DF81E4300922810 /* Main.storyboard in Resources */ = {isa = PBXBuildFile; fileRef = 66CD36051DF81E4300922810 /* Main.storyboard */; };
		66CD36091DF81E4300922810 /* Assets.xcassets in Resources */ = {isa = PBXBuildFile; fileRef = 66CD36081DF81E4300922810 /* Assets.xcassets */; };
		66CD360C1DF81E4300922810 /* LaunchScreen.storyboard in Resources */ = {isa = PBXBuildFile; fileRef = 66CD360A1DF81E4300922810 /* LaunchScreen.storyboard */; };
		66CD36171DF81E4400922810 /* BJ__Tests.swift in Sources */ = {isa = PBXBuildFile; fileRef = 66CD36161DF81E4400922810 /* BJ__Tests.swift */; };
		66CD36221DF81E4400922810 /* BJ__UITests.swift in Sources */ = {isa = PBXBuildFile; fileRef = 66CD36211DF81E4400922810 /* BJ__UITests.swift */; };
/* End PBXBuildFile section */

/* Begin PBXContainerItemProxy section */
		66CD36131DF81E4400922810 /* PBXContainerItemProxy */ = {
			isa = PBXContainerItemProxy;
			containerPortal = 66CD35F61DF81E4300922810 /* Project object */;
			proxyType = 1;
			remoteGlobalIDString = 66CD35FD1DF81E4300922810;
			remoteInfo = "BJ直播";
		};
		66CD361E1DF81E4400922810 /* PBXContainerItemProxy */ = {
			isa = PBXContainerItemProxy;
			containerPortal = 66CD35F61DF81E4300922810 /* Project object */;
			proxyType = 1;
			remoteGlobalIDString = 66CD35FD1DF81E4300922810;
			remoteInfo = "BJ直播";
		};
/* End PBXContainerItemProxy section */

/* Begin PBXFileReference section */
		66CD35FE1DF81E4300922810 /* BJ直播.app */ = {isa = PBXFileReference; explicitFileType = wrapper.application; includeInIndex = 0; path = "BJ直播.app"; sourceTree = BUILT_PRODUCTS_DIR; };
		66CD36011DF81E4300922810 /* AppDelegate.swift */ = {isa = PBXFileReference; lastKnownFileType = sourcecode.swift; path = AppDelegate.swift; sourceTree = "<group>"; };
		66CD36031DF81E4300922810 /* ViewController.swift */ = {isa = PBXFileReference; lastKnownFileType = sourcecode.swift; path = ViewController.swift; sourceTree = "<group>"; };
		66CD36061DF81E4300922810 /* Base */ = {isa = PBXFileReference; lastKnownFileType = file.storyboard; name = Base; path = Base.lproj/Main.storyboard; sourceTree = "<group>"; };
		66CD36081DF81E4300922810 /* Assets.xcassets */ = {isa = PBXFileReference; lastKnownFileType = folder.assetcatalog; path = Assets.xcassets; sourceTree = "<group>"; };
		66CD360B1DF81E4300922810 /* Base */ = {isa = PBXFileReference; lastKnownFileType = file.storyboard; name = Base; path = Base.lproj/LaunchScreen.storyboard; sourceTree = "<group>"; };
		66CD360D1DF81E4300922810 /* Info.plist */ = {isa = PBXFileReference; lastKnownFileType = text.plist.xml; path = Info.plist; sourceTree = "<group>"; };
		66CD36121DF81E4400922810 /* BJ直播Tests.xctest */ = {isa = PBXFileReference; explicitFileType = wrapper.cfbundle; includeInIndex = 0; path = "BJ直播Tests.xctest"; sourceTree = BUILT_PRODUCTS_DIR; };
		66CD36161DF81E4400922810 /* BJ__Tests.swift */ = {isa = PBXFileReference; lastKnownFileType = sourcecode.swift; path = BJ__Tests.swift; sourceTree = "<group>"; };
		66CD36181DF81E4400922810 /* Info.plist */ = {isa = PBXFileReference; lastKnownFileType = text.plist.xml; path = Info.plist; sourceTree = "<group>"; };
		66CD361D1DF81E4400922810 /* BJ直播UITests.xctest */ = {isa = PBXFileReference; explicitFileType = wrapper.cfbundle; includeInIndex = 0; path = "BJ直播UITests.xctest"; sourceTree = BUILT_PRODUCTS_DIR; };
		66CD36211DF81E4400922810 /* BJ__UITests.swift */ = {isa = PBXFileReference; lastKnownFileType = sourcecode.swift; path = BJ__UITests.swift; sourceTree = "<group>"; };
		66CD36231DF81E4400922810 /* Info.plist */ = {isa = PBXFileReference; lastKnownFileType = text.plist.xml; path = Info.plist; sourceTree = "<group>"; };
/* End PBXFileReference section */

/* Begin PBXFrameworksBuildPhase section */
		66CD35FB1DF81E4300922810 /* Frameworks */ = {
			isa = PBXFrameworksBuildPhase;
			buildActionMask = 2147483647;
			files = (
			);
			runOnlyForDeploymentPostprocessing = 0;
		};
		66CD360F1DF81E4400922810 /* Frameworks */ = {
			isa = PBXFrameworksBuildPhase;
			buildActionMask = 2147483647;
			files = (
			);
			runOnlyForDeploymentPostprocessing = 0;
		};
		66CD361A1DF81E4400922810 /* Frameworks */ = {
			isa = PBXFrameworksBuildPhase;
			buildActionMask = 2147483647;
			files = (
			);
			runOnlyForDeploymentPostprocessing = 0;
		};
/* End PBXFrameworksBuildPhase section */

/* Begin PBXGroup section */
		66CD35F51DF81E4300922810 = {
			isa = PBXGroup;
			children = (
				66CD36001DF81E4300922810 /* BJ直播 */,
				66CD36151DF81E4400922810 /* BJ直播Tests */,
				66CD36201DF81E4400922810 /* BJ直播UITests */,
				66CD35FF1DF81E4300922810 /* Products */,
			);
			sourceTree = "<group>";
		};
		66CD35FF1DF81E4300922810 /* Products */ = {
			isa = PBXGroup;
			children = (
				66CD35FE1DF81E4300922810 /* BJ直播.app */,
				66CD36121DF81E4400922810 /* BJ直播Tests.xctest */,
				66CD361D1DF81E4400922810 /* BJ直播UITests.xctest */,
			);
			name = Products;
			sourceTree = "<group>";
		};
		66CD36001DF81E4300922810 /* BJ直播 */ = {
			isa = PBXGroup;
			children = (
				66CD36011DF81E4300922810 /* AppDelegate.swift */,
				66CD36031DF81E4300922810 /* ViewController.swift */,
				66CD36051DF81E4300922810 /* Main.storyboard */,
				66CD36081DF81E4300922810 /* Assets.xcassets */,
				66CD360A1DF81E4300922810 /* LaunchScreen.storyboard */,
				66CD360D1DF81E4300922810 /* Info.plist */,
			);
			path = "BJ直播";
			sourceTree = "<group>";
		};
		66CD36151DF81E4400922810 /* BJ直播Tests */ = {
			isa = PBXGroup;
			children = (
				66CD36161DF81E4400922810 /* BJ__Tests.swift */,
				66CD36181DF81E4400922810 /* Info.plist */,
			);
			path = "BJ直播Tests";
			sourceTree = "<group>";
		};
		66CD36201DF81E4400922810 /* BJ直播UITests */ = {
			isa = PBXGroup;
			children = (
				66CD36211DF81E4400922810 /* BJ__UITests.swift */,
				66CD36231DF81E4400922810 /* Info.plist */,
			);
			path = "BJ直播UITests";
			sourceTree = "<group>";
		};
/* End PBXGroup section */

/* Begin PBXNativeTarget section */
		66CD35FD1DF81E4300922810 /* BJ直播 */ = {
			isa = PBXNativeTarget;
			buildConfigurationList = 66CD36261DF81E4400922810 /* Build configuration list for PBXNativeTarget "BJ直播" */;
			buildPhases = (
				66CD35FA1DF81E4300922810 /* Sources */,
				66CD35FB1DF81E4300922810 /* Frameworks */,
				66CD35FC1DF81E4300922810 /* Resources */,
			);
			buildRules = (
			);
			dependencies = (
			);
			name = "BJ直播";
			productName = "BJ直播";
			productReference = 66CD35FE1DF81E4300922810 /* BJ直播.app */;
			productType = "com.apple.product-type.application";
		};
		66CD36111DF81E4400922810 /* BJ直播Tests */ = {
			isa = PBXNativeTarget;
			buildConfigurationList = 66CD36291DF81E4400922810 /* Build configuration list for PBXNativeTarget "BJ直播Tests" */;
			buildPhases = (
				66CD360E1DF81E4400922810 /* Sources */,
				66CD360F1DF81E4400922810 /* Frameworks */,
				66CD36101DF81E4400922810 /* Resources */,
			);
			buildRules = (
			);
			dependencies = (
				66CD36141DF81E4400922810 /* PBXTargetDependency */,
			);
			name = "BJ直播Tests";
			productName = "BJ直播Tests";
			productReference = 66CD36121DF81E4400922810 /* BJ直播Tests.xctest */;
			productType = "com.apple.product-type.bundle.unit-test";
		};
		66CD361C1DF81E4400922810 /* BJ直播UITests */ = {
			isa = PBXNativeTarget;
			buildConfigurationList = 66CD362C1DF81E4400922810 /* Build configuration list for PBXNativeTarget "BJ直播UITests" */;
			buildPhases = (
				66CD36191DF81E4400922810 /* Sources */,
				66CD361A1DF81E4400922810 /* Frameworks */,
				66CD361B1DF81E4400922810 /* Resources */,
			);
			buildRules = (
			);
			dependencies = (
				66CD361F1DF81E4400922810 /* PBXTargetDependency */,
			);
			name = "BJ直播UITests";
			productName = "BJ直播UITests";
			productReference = 66CD361D1DF81E4400922810 /* BJ直播UITests.xctest */;
			productType = "com.apple.product-type.bundle.ui-testing";
		};
/* End PBXNativeTarget section */

/* Begin PBXProject section */
		66CD35F61DF81E4300922810 /* Project object */ = {
			isa = PBXProject;
			attributes = {
				LastSwiftUpdateCheck = 0810;
				LastUpgradeCheck = 0810;
				ORGANIZATIONNAME = Visen;
				TargetAttributes = {
					66CD35FD1DF81E4300922810 = {
						CreatedOnToolsVersion = 8.1;
						ProvisioningStyle = Automatic;
					};
					66CD36111DF81E4400922810 = {
						CreatedOnToolsVersion = 8.1;
						ProvisioningStyle = Automatic;
						TestTargetID = 66CD35FD1DF81E4300922810;
					};
					66CD361C1DF81E4400922810 = {
						CreatedOnToolsVersion = 8.1;
						ProvisioningStyle = Automatic;
						TestTargetID = 66CD35FD1DF81E4300922810;
					};
				};
			};
			buildConfigurationList = 66CD35F91DF81E4300922810 /* Build configuration list for PBXProject "BJ直播" */;
			compatibilityVersion = "Xcode 3.2";
			developmentRegion = English;
			hasScannedForEncodings = 0;
			knownRegions = (
				en,
				Base,
			);
			mainGroup = 66CD35F51DF81E4300922810;
			productRefGroup = 66CD35FF1DF81E4300922810 /* Products */;
			projectDirPath = "";
			projectRoot = "";
			targets = (
				66CD35FD1DF81E4300922810 /* BJ直播 */,
				66CD36111DF81E4400922810 /* BJ直播Tests */,
				66CD361C1DF81E4400922810 /* BJ直播UITests */,
			);
		};
/* End PBXProject section */

/* Begin PBXResourcesBuildPhase section */
		66CD35FC1DF81E4300922810 /* Resources */ = {
			isa = PBXResourcesBuildPhase;
			buildActionMask = 2147483647;
			files = (
				66CD360C1DF81E4300922810 /* LaunchScreen.storyboard in Resources */,
				66CD36091DF81E4300922810 /* Assets.xcassets in Resources */,
				66CD36071DF81E4300922810 /* Main.storyboard in Resources */,
			);
			runOnlyForDeploymentPostprocessing = 0;
		};
		66CD36101DF81E4400922810 /* Resources */ = {
			isa = PBXResourcesBuildPhase;
			buildActionMask = 2147483647;
			files = (
			);
			runOnlyForDeploymentPostprocessing = 0;
		};
		66CD361B1DF81E4400922810 /* Resources */ = {
			isa = PBXResourcesBuildPhase;
			buildActionMask = 2147483647;
			files = (
			);
			runOnlyForDeploymentPostprocessing = 0;
		};
/* End PBXResourcesBuildPhase section */

/* Begin PBXSourcesBuildPhase section */
		66CD35FA1DF81E4300922810 /* Sources */ = {
			isa = PBXSourcesBuildPhase;
			buildActionMask = 2147483647;
			files = (
				66CD36041DF81E4300922810 /* ViewController.swift in Sources */,
				66CD36021DF81E4300922810 /* AppDelegate.swift in Sources */,
			);
			runOnlyForDeploymentPostprocessing = 0;
		};
		66CD360E1DF81E4400922810 /* Sources */ = {
			isa = PBXSourcesBuildPhase;
			buildActionMask = 2147483647;
			files = (
				66CD36171DF81E4400922810 /* BJ__Tests.swift in Sources */,
			);
			runOnlyForDeploymentPostprocessing = 0;
		};
		66CD36191DF81E4400922810 /* Sources */ = {
			isa = PBXSourcesBuildPhase;
			buildActionMask = 2147483647;
			files = (
				66CD36221DF81E4400922810 /* BJ__UITests.swift in Sources */,
			);
			runOnlyForDeploymentPostprocessing = 0;
		};
/* End PBXSourcesBuildPhase section */

/* Begin PBXTargetDependency section */
		66CD36141DF81E4400922810 /* PBXTargetDependency */ = {
			isa = PBXTargetDependency;
			target = 66CD35FD1DF81E4300922810 /* BJ直播 */;
			targetProxy = 66CD36131DF81E4400922810 /* PBXContainerItemProxy */;
		};
		66CD361F1DF81E4400922810 /* PBXTargetDependency */ = {
			isa = PBXTargetDependency;
			target = 66CD35FD1DF81E4300922810 /* BJ直播 */;
			targetProxy = 66CD361E1DF81E4400922810 /* PBXContainerItemProxy */;
		};
/* End PBXTargetDependency section */

/* Begin PBXVariantGroup section */
		66CD36051DF81E4300922810 /* Main.storyboard */ = {
			isa = PBXVariantGroup;
			children = (
				66CD36061DF81E4300922810 /* Base */,
			);
			name = Main.storyboard;
			sourceTree = "<group>";
		};
		66CD360A1DF81E4300922810 /* LaunchScreen.storyboard */ = {
			isa = PBXVariantGroup;
			children = (
				66CD360B1DF81E4300922810 /* Base */,
			);
			name = LaunchScreen.storyboard;
			sourceTree = "<group>";
		};
/* End PBXVariantGroup section */

/* Begin XCBuildConfiguration section */
		66CD36241DF81E4400922810 /* Debug */ = {
			isa = XCBuildConfiguration;
			buildSettings = {
				ALWAYS_SEARCH_USER_PATHS = NO;
				CLANG_ANALYZER_NONNULL = YES;
				CLANG_CXX_LANGUAGE_STANDARD = "gnu++0x";
				CLANG_CXX_LIBRARY = "libc++";
				CLANG_ENABLE_MODULES = YES;
				CLANG_ENABLE_OBJC_ARC = YES;
				CLANG_WARN_BOOL_CONVERSION = YES;
				CLANG_WARN_CONSTANT_CONVERSION = YES;
				CLANG_WARN_DIRECT_OBJC_ISA_USAGE = YES_ERROR;
				CLANG_WARN_DOCUMENTATION_COMMENTS = YES;
				CLANG_WARN_EMPTY_BODY = YES;
				CLANG_WARN_ENUM_CONVERSION = YES;
				CLANG_WARN_INFINITE_RECURSION = YES;
				CLANG_WARN_INT_CONVERSION = YES;
				CLANG_WARN_OBJC_ROOT_CLASS = YES_ERROR;
				CLANG_WARN_SUSPICIOUS_MOVES = YES;
				CLANG_WARN_UNREACHABLE_CODE = YES;
				CLANG_WARN__DUPLICATE_METHOD_MATCH = YES;
				"CODE_SIGN_IDENTITY[sdk=iphoneos*]" = "iPhone Developer";
				COPY_PHASE_STRIP = NO;
				DEBUG_INFORMATION_FORMAT = dwarf;
				ENABLE_STRICT_OBJC_MSGSEND = YES;
				ENABLE_TESTABILITY = YES;
				GCC_C_LANGUAGE_STANDARD = gnu99;
				GCC_DYNAMIC_NO_PIC = NO;
				GCC_NO_COMMON_BLOCKS = YES;
				GCC_OPTIMIZATION_LEVEL = 0;
				GCC_PREPROCESSOR_DEFINITIONS = (
					"DEBUG=1",
					"$(inherited)",
				);
				GCC_WARN_64_TO_32_BIT_CONVERSION = YES;
				GCC_WARN_ABOUT_RETURN_TYPE = YES_ERROR;
				GCC_WARN_UNDECLARED_SELECTOR = YES;
				GCC_WARN_UNINITIALIZED_AUTOS = YES_AGGRESSIVE;
				GCC_WARN_UNUSED_FUNCTION = YES;
				GCC_WARN_UNUSED_VARIABLE = YES;
				IPHONEOS_DEPLOYMENT_TARGET = 10.1;
				MTL_ENABLE_DEBUG_INFO = YES;
				ONLY_ACTIVE_ARCH = YES;
				SDKROOT = iphoneos;
				SWIFT_ACTIVE_COMPILATION_CONDITIONS = DEBUG;
				SWIFT_OPTIMIZATION_LEVEL = "-Onone";
				TARGETED_DEVICE_FAMILY = "1,2";
			};
			name = Debug;
		};
		66CD36251DF81E4400922810 /* Release */ = {
			isa = XCBuildConfiguration;
			buildSettings = {
				ALWAYS_SEARCH_USER_PATHS = NO;
				CLANG_ANALYZER_NONNULL = YES;
				CLANG_CXX_LANGUAGE_STANDARD = "gnu++0x";
				CLANG_CXX_LIBRARY = "libc++";
				CLANG_ENABLE_MODULES = YES;
				CLANG_ENABLE_OBJC_ARC = YES;
				CLANG_WARN_BOOL_CONVERSION = YES;
				CLANG_WARN_CONSTANT_CONVERSION = YES;
				CLANG_WARN_DIRECT_OBJC_ISA_USAGE = YES_ERROR;
				CLANG_WARN_DOCUMENTATION_COMMENTS = YES;
				CLANG_WARN_EMPTY_BODY = YES;
				CLANG_WARN_ENUM_CONVERSION = YES;
				CLANG_WARN_INFINITE_RECURSION = YES;
				CLANG_WARN_INT_CONVERSION = YES;
				CLANG_WARN_OBJC_ROOT_CLASS = YES_ERROR;
				CLANG_WARN_SUSPICIOUS_MOVES = YES;
				CLANG_WARN_UNREACHABLE_CODE = YES;
				CLANG_WARN__DUPLICATE_METHOD_MATCH = YES;
				"CODE_SIGN_IDENTITY[sdk=iphoneos*]" = "iPhone Developer";
				COPY_PHASE_STRIP = NO;
				DEBUG_INFORMATION_FORMAT = "dwarf-with-dsym";
				ENABLE_NS_ASSERTIONS = NO;
				ENABLE_STRICT_OBJC_MSGSEND = YES;
				GCC_C_LANGUAGE_STANDARD = gnu99;
				GCC_NO_COMMON_BLOCKS = YES;
				GCC_WARN_64_TO_32_BIT_CONVERSION = YES;
				GCC_WARN_ABOUT_RETURN_TYPE = YES_ERROR;
				GCC_WARN_UNDECLARED_SELECTOR = YES;
				GCC_WARN_UNINITIALIZED_AUTOS = YES_AGGRESSIVE;
				GCC_WARN_UNUSED_FUNCTION = YES;
				GCC_WARN_UNUSED_VARIABLE = YES;
				IPHONEOS_DEPLOYMENT_TARGET = 10.1;
				MTL_ENABLE_DEBUG_INFO = NO;
				SDKROOT = iphoneos;
				SWIFT_OPTIMIZATION_LEVEL = "-Owholemodule";
				TARGETED_DEVICE_FAMILY = "1,2";
				VALIDATE_PRODUCT = YES;
			};
			name = Release;
		};
		66CD36271DF81E4400922810 /* Debug */ = {
			isa = XCBuildConfiguration;
			buildSettings = {
				ASSETCATALOG_COMPILER_APPICON_NAME = AppIcon;
				INFOPLIST_FILE = "BJ直播/Info.plist";
				LD_RUNPATH_SEARCH_PATHS = "$(inherited) @executable_path/Frameworks";
				PRODUCT_BUNDLE_IDENTIFIER = "visen.BJ--";
				PRODUCT_NAME = "$(TARGET_NAME)";
				SWIFT_VERSION = 3.0;
			};
			name = Debug;
		};
		66CD36281DF81E4400922810 /* Release */ = {
			isa = XCBuildConfiguration;
			buildSettings = {
				ASSETCATALOG_COMPILER_APPICON_NAME = AppIcon;
				INFOPLIST_FILE = "BJ直播/Info.plist";
				LD_RUNPATH_SEARCH_PATHS = "$(inherited) @executable_path/Frameworks";
				PRODUCT_BUNDLE_IDENTIFIER = "visen.BJ--";
				PRODUCT_NAME = "$(TARGET_NAME)";
				SWIFT_VERSION = 3.0;
			};
			name = Release;
		};
		66CD362A1DF81E4400922810 /* Debug */ = {
			isa = XCBuildConfiguration;
			buildSettings = {
				ALWAYS_EMBED_SWIFT_STANDARD_LIBRARIES = YES;
				BUNDLE_LOADER = "$(TEST_HOST)";
				INFOPLIST_FILE = "BJ直播Tests/Info.plist";
				LD_RUNPATH_SEARCH_PATHS = "$(inherited) @executable_path/Frameworks @loader_path/Frameworks";
				PRODUCT_BUNDLE_IDENTIFIER = "visen.BJ--Tests";
				PRODUCT_NAME = "$(TARGET_NAME)";
				SWIFT_VERSION = 3.0;
				TEST_HOST = "$(BUILT_PRODUCTS_DIR)/BJ直播.app/BJ直播";
			};
			name = Debug;
		};
		66CD362B1DF81E4400922810 /* Release */ = {
			isa = XCBuildConfiguration;
			buildSettings = {
				ALWAYS_EMBED_SWIFT_STANDARD_LIBRARIES = YES;
				BUNDLE_LOADER = "$(TEST_HOST)";
				INFOPLIST_FILE = "BJ直播Tests/Info.plist";
				LD_RUNPATH_SEARCH_PATHS = "$(inherited) @executable_path/Frameworks @loader_path/Frameworks";
				PRODUCT_BUNDLE_IDENTIFIER = "visen.BJ--Tests";
				PRODUCT_NAME = "$(TARGET_NAME)";
				SWIFT_VERSION = 3.0;
				TEST_HOST = "$(BUILT_PRODUCTS_DIR)/BJ直播.app/BJ直播";
			};
			name = Release;
		};
		66CD362D1DF81E4400922810 /* Debug */ = {
			isa = XCBuildConfiguration;
			buildSettings = {
				ALWAYS_EMBED_SWIFT_STANDARD_LIBRARIES = YES;
				INFOPLIST_FILE = "BJ直播UITests/Info.plist";
				LD_RUNPATH_SEARCH_PATHS = "$(inherited) @executable_path/Frameworks @loader_path/Frameworks";
				PRODUCT_BUNDLE_IDENTIFIER = "visen.BJ--UITests";
				PRODUCT_NAME = "$(TARGET_NAME)";
				SWIFT_VERSION = 3.0;
				TEST_TARGET_NAME = "BJ直播";
			};
			name = Debug;
		};
		66CD362E1DF81E4400922810 /* Release */ = {
			isa = XCBuildConfiguration;
			buildSettings = {
				ALWAYS_EMBED_SWIFT_STANDARD_LIBRARIES = YES;
				INFOPLIST_FILE = "BJ直播UITests/Info.plist";
				LD_RUNPATH_SEARCH_PATHS = "$(inherited) @executable_path/Frameworks @loader_path/Frameworks";
				PRODUCT_BUNDLE_IDENTIFIER = "visen.BJ--UITests";
				PRODUCT_NAME = "$(TARGET_NAME)";
				SWIFT_VERSION = 3.0;
				TEST_TARGET_NAME = "BJ直播";
			};
			name = Release;
		};
/* End XCBuildConfiguration section */

/* Begin XCConfigurationList section */
		66CD35F91DF81E4300922810 /* Build configuration list for PBXProject "BJ直播" */ = {
			isa = XCConfigurationList;
			buildConfigurations = (
				66CD36241DF81E4400922810 /* Debug */,
				66CD36251DF81E4400922810 /* Release */,
			);
			defaultConfigurationIsVisible = 0;
			defaultConfigurationName = Release;
		};
		66CD36261DF81E4400922810 /* Build configuration list for PBXNativeTarget "BJ直播" */ = {
			isa = XCConfigurationList;
			buildConfigurations = (
				66CD36271DF81E4400922810 /* Debug */,
				66CD36281DF81E4400922810 /* Release */,
			);
			defaultConfigurationIsVisible = 0;
		};
		66CD36291DF81E4400922810 /* Build configuration list for PBXNativeTarget "BJ直播Tests" */ = {
			isa = XCConfigurationList;
			buildConfigurations = (
				66CD362A1DF81E4400922810 /* Debug */,
				66CD362B1DF81E4400922810 /* Release */,
			);
			defaultConfigurationIsVisible = 0;
		};
		66CD362C1DF81E4400922810 /* Build configuration list for PBXNativeTarget "BJ直播UITests" */ = {
			isa = XCConfigurationList;
			buildConfigurations = (
				66CD362D1DF81E4400922810 /* Debug */,
				66CD362E1DF81E4400922810 /* Release */,
			);
			defaultConfigurationIsVisible = 0;
		};
/* End XCConfigurationList section */
	};
	rootObject = 66CD35F61DF81E4300922810 /* Project object */;
}
